
Microsoft Visual Studio Solution File, Format Version 12.00
# Visual Studio Version 17
VisualStudioVersion = 17.8.34316.72
MinimumVisualStudioVersion = 10.0.40219.1
Project("{FAE04EC0-301F-11D3-BF4B-00C04F79EFBC}") = "Day27", "Day27.csproj", "{5513522B-DA05-4E15-8AED-03CC74359128}"
EndProject
Project("{FAE04EC0-301F-11D3-BF4B-00C04F79EFBC}") = "Day27Tests", "..\Day27Tests\Day27Tests.csproj", "{9D914546-9F0D-4025-AEC0-407F9960AAFB}"
EndProject
Global
	GlobalSection(SolutionConfigurationPlatforms) = preSolution
		Debug|Any CPU = Debug|Any CPU
		Release|Any CPU = Release|Any CPU
	EndGlobalSection
	GlobalSection(ProjectConfigurationPlatforms) = postSolution
		{5513522B-DA05-4E15-8AED-03CC74359128}.Debug|Any CPU.ActiveCfg = Debug|Any CPU
		{5513522B-DA05-4E15-8AED-03CC74359128}.Debug|Any CPU.Build.0 = Debug|Any CPU
		{5513522B-DA05-4E15-8AED-03CC74359128}.Release|Any CPU.ActiveCfg = Release|Any CPU
		{5513522B-DA05-4E15-8AED-03CC74359128}.Release|Any CPU.Build.0 = Release|Any CPU
		{9D914546-9F0D-4025-AEC0-407F9960AAFB}.Debug|Any CPU.ActiveCfg = Debug|Any CPU
		{9D914546-9F0D-4025-AEC0-407F9960AAFB}.Debug|Any CPU.Build.0 = Debug|Any CPU
		{9D914546-9F0D-4025-AEC0-407F9960AAFB}.Release|Any CPU.ActiveCfg = Release|Any CPU
		{9D914546-9F0D-4025-AEC0-407F9960AAFB}.Release|Any CPU.Build.0 = Release|Any CPU
	EndGlobalSection
	GlobalSection(SolutionProperties) = preSolution
		HideSolutionNode = FALSE
	EndGlobalSection
	GlobalSection(ExtensibilityGlobals) = postSolution
		SolutionGuid = {16B655B6-E244-400C-B7AF-68D2115B0618}
	EndGlobalSection
EndGlobal
