
Microsoft Visual Studio Solution File, Format Version 12.00
# Visual Studio Version 17
VisualStudioVersion = 17.8.34322.80
MinimumVisualStudioVersion = 10.0.40219.1
Project("{FAE04EC0-301F-11D3-BF4B-00C04F79EFBC}") = "Day18_sqlite2", "Day18_sqlite2\Day18_sqlite2.csproj", "{EC9B0BB2-8A20-44B1-85B0-AA731DFB1E48}"
EndProject
Global
	GlobalSection(SolutionConfigurationPlatforms) = preSolution
		Debug|Any CPU = Debug|Any CPU
		Release|Any CPU = Release|Any CPU
	EndGlobalSection
	GlobalSection(ProjectConfigurationPlatforms) = postSolution
		{EC9B0BB2-8A20-44B1-85B0-AA731DFB1E48}.Debug|Any CPU.ActiveCfg = Debug|Any CPU
		{EC9B0BB2-8A20-44B1-85B0-AA731DFB1E48}.Debug|Any CPU.Build.0 = Debug|Any CPU
		{EC9B0BB2-8A20-44B1-85B0-AA731DFB1E48}.Release|Any CPU.ActiveCfg = Release|Any CPU
		{EC9B0BB2-8A20-44B1-85B0-AA731DFB1E48}.Release|Any CPU.Build.0 = Release|Any CPU
	EndGlobalSection
	GlobalSection(SolutionProperties) = preSolution
		HideSolutionNode = FALSE
	EndGlobalSection
	GlobalSection(ExtensibilityGlobals) = postSolution
		SolutionGuid = {5D3FFC3C-C2EC-42AE-AE94-8D9E76ABD70A}
	EndGlobalSection
EndGlobal
