
Microsoft Visual Studio Solution File, Format Version 12.00
# Visual Studio Version 17
VisualStudioVersion = 17.5.33424.131
MinimumVisualStudioVersion = 10.0.40219.1
Project("{FAE04EC0-301F-11D3-BF4B-00C04F79EFBC}") = "Day8_oldtopics", "Day8_oldtopics.csproj", "{6250F8C7-210F-47CA-88D3-C923E9A5C917}"
EndProject
Global
	GlobalSection(SolutionConfigurationPlatforms) = preSolution
		Debug|Any CPU = Debug|Any CPU
		Release|Any CPU = Release|Any CPU
	EndGlobalSection
	GlobalSection(ProjectConfigurationPlatforms) = postSolution
		{6250F8C7-210F-47CA-88D3-C923E9A5C917}.Debug|Any CPU.ActiveCfg = Debug|Any CPU
		{6250F8C7-210F-47CA-88D3-C923E9A5C917}.Debug|Any CPU.Build.0 = Debug|Any CPU
		{6250F8C7-210F-47CA-88D3-C923E9A5C917}.Release|Any CPU.ActiveCfg = Release|Any CPU
		{6250F8C7-210F-47CA-88D3-C923E9A5C917}.Release|Any CPU.Build.0 = Release|Any CPU
	EndGlobalSection
	GlobalSection(SolutionProperties) = preSolution
		HideSolutionNode = FALSE
	EndGlobalSection
	GlobalSection(ExtensibilityGlobals) = postSolution
		SolutionGuid = {FB1854C1-5A96-4A81-A678-340C4A99689D}
	EndGlobalSection
EndGlobal
